
Microsoft Visual Studio Solution File, Format Version 12.00
# Visual Studio Version 17
VisualStudioVersion = 17.14.36705.20 d17.14
MinimumVisualStudioVersion = 10.0.40219.1
Project("{FAE04EC0-301F-11D3-BF4B-00C04F79EFBC}") = "StageX_DesktopApp", "StageX_DesktopApp.csproj", "{82E90477-76B7-B398-576F-0991909C877A}"
EndProject
Global
	GlobalSection(SolutionConfigurationPlatforms) = preSolution
		Debug|Any CPU = Debug|Any CPU
		Release|Any CPU = Release|Any CPU
	EndGlobalSection
	GlobalSection(ProjectConfigurationPlatforms) = postSolution
		{82E90477-76B7-B398-576F-0991909C877A}.Debug|Any CPU.ActiveCfg = Debug|Any CPU
		{82E90477-76B7-B398-576F-0991909C877A}.Debug|Any CPU.Build.0 = Debug|Any CPU
		{82E90477-76B7-B398-576F-0991909C877A}.Release|Any CPU.ActiveCfg = Release|Any CPU
		{82E90477-76B7-B398-576F-0991909C877A}.Release|Any CPU.Build.0 = Release|Any CPU
	EndGlobalSection
	GlobalSection(SolutionProperties) = preSolution
		HideSolutionNode = FALSE
	EndGlobalSection
	GlobalSection(ExtensibilityGlobals) = postSolution
		SolutionGuid = {C4A486AF-E5D5-4FA4-B772-68698A3E0B80}
	EndGlobalSection
EndGlobal
